// !$*UTF8*$!
{
	archiveVersion = 1;
	classes = {
	};
	objectVersion = 50;
	objects = {

/* Begin PBXBuildFile section */
		DF513BF6243BBF48005F15C6 /* AppDelegate.swift in Sources */ = {isa = PBXBuildFile; fileRef = DF513BF5243BBF48005F15C6 /* AppDelegate.swift */; };
		DF513BFA243BBF48005F15C6 /* MasterViewController.swift in Sources */ = {isa = PBXBuildFile; fileRef = DF513BF9243BBF48005F15C6 /* MasterViewController.swift */; };
		DF513BFC243BBF48005F15C6 /* DetailViewController.swift in Sources */ = {isa = PBXBuildFile; fileRef = DF513BFB243BBF48005F15C6 /* DetailViewController.swift */; };
		DF513BFF243BBF48005F15C6 /* Main.storyboard in Resources */ = {isa = PBXBuildFile; fileRef = DF513BFD243BBF48005F15C6 /* Main.storyboard */; };
		DF513C01243BBF4A005F15C6 /* Assets.xcassets in Resources */ = {isa = PBXBuildFile; fileRef = DF513C00243BBF4A005F15C6 /* Assets.xcassets */; };
		DF513C04243BBF4A005F15C6 /* LaunchScreen.storyboard in Resources */ = {isa = PBXBuildFile; fileRef = DF513C02243BBF4A005F15C6 /* LaunchScreen.storyboard */; };
		DF513C0C243BC305005F15C6 /* Model.swift in Sources */ = {isa = PBXBuildFile; fileRef = DF513C0B243BC305005F15C6 /* Model.swift */; };
		DF513C0E243BC320005F15C6 /* ViewModel.swift in Sources */ = {isa = PBXBuildFile; fileRef = DF513C0D243BC320005F15C6 /* ViewModel.swift */; };
		DF513C10243BC367005F15C6 /* Binding.swift in Sources */ = {isa = PBXBuildFile; fileRef = DF513C0F243BC367005F15C6 /* Binding.swift */; };
		DF513C12243BC39C005F15C6 /* MasterViewController-UITableViewDataSource.swift in Sources */ = {isa = PBXBuildFile; fileRef = DF513C11243BC39C005F15C6 /* MasterViewController-UITableViewDataSource.swift */; };
/* End PBXBuildFile section */

/* Begin PBXFileReference section */
		DF513BF2243BBF48005F15C6 /* MVVM_SimpleDemo.app */ = {isa = PBXFileReference; explicitFileType = wrapper.application; includeInIndex = 0; path = MVVM_SimpleDemo.app; sourceTree = BUILT_PRODUCTS_DIR; };
		DF513BF5243BBF48005F15C6 /* AppDelegate.swift */ = {isa = PBXFileReference; lastKnownFileType = sourcecode.swift; path = AppDelegate.swift; sourceTree = "<group>"; };
		DF513BF9243BBF48005F15C6 /* MasterViewController.swift */ = {isa = PBXFileReference; lastKnownFileType = sourcecode.swift; path = MasterViewController.swift; sourceTree = "<group>"; };
		DF513BFB243BBF48005F15C6 /* DetailViewController.swift */ = {isa = PBXFileReference; lastKnownFileType = sourcecode.swift; path = DetailViewController.swift; sourceTree = "<group>"; };
		DF513BFE243BBF48005F15C6 /* Base */ = {isa = PBXFileReference; lastKnownFileType = file.storyboard; name = Base; path = Base.lproj/Main.storyboard; sourceTree = "<group>"; };
		DF513C00243BBF4A005F15C6 /* Assets.xcassets */ = {isa = PBXFileReference; lastKnownFileType = folder.assetcatalog; path = Assets.xcassets; sourceTree = "<group>"; };
		DF513C03243BBF4A005F15C6 /* Base */ = {isa = PBXFileReference; lastKnownFileType = file.storyboard; name = Base; path = Base.lproj/LaunchScreen.storyboard; sourceTree = "<group>"; };
		DF513C05243BBF4A005F15C6 /* Info.plist */ = {isa = PBXFileReference; lastKnownFileType = text.plist.xml; path = Info.plist; sourceTree = "<group>"; };
		DF513C0B243BC305005F15C6 /* Model.swift */ = {isa = PBXFileReference; lastKnownFileType = sourcecode.swift; path = Model.swift; sourceTree = "<group>"; };
		DF513C0D243BC320005F15C6 /* ViewModel.swift */ = {isa = PBXFileReference; lastKnownFileType = sourcecode.swift; path = ViewModel.swift; sourceTree = "<group>"; };
		DF513C0F243BC367005F15C6 /* Binding.swift */ = {isa = PBXFileReference; lastKnownFileType = sourcecode.swift; path = Binding.swift; sourceTree = "<group>"; };
		DF513C11243BC39C005F15C6 /* MasterViewController-UITableViewDataSource.swift */ = {isa = PBXFileReference; lastKnownFileType = sourcecode.swift; path = "MasterViewController-UITableViewDataSource.swift"; sourceTree = "<group>"; };
/* End PBXFileReference section */

/* Begin PBXFrameworksBuildPhase section */
		DF513BEF243BBF48005F15C6 /* Frameworks */ = {
			isa = PBXFrameworksBuildPhase;
			buildActionMask = 2147483647;
			files = (
			);
			runOnlyForDeploymentPostprocessing = 0;
		};
/* End PBXFrameworksBuildPhase section */

/* Begin PBXGroup section */
		DF513BE9243BBF48005F15C6 = {
			isa = PBXGroup;
			children = (
				DF513BF4243BBF48005F15C6 /* MVVM_SimpleDemo */,
				DF513BF3243BBF48005F15C6 /* Products */,
			);
			sourceTree = "<group>";
		};
		DF513BF3243BBF48005F15C6 /* Products */ = {
			isa = PBXGroup;
			children = (
				DF513BF2243BBF48005F15C6 /* MVVM_SimpleDemo.app */,
			);
			name = Products;
			sourceTree = "<group>";
		};
		DF513BF4243BBF48005F15C6 /* MVVM_SimpleDemo */ = {
			isa = PBXGroup;
			children = (
				DF513C13243BC5C7005F15C6 /* Model */,
				DF513C16243BC5FB005F15C6 /* View */,
				DF513C14243BC5D1005F15C6 /* ViewModel */,
				DF513C15243BC5DE005F15C6 /* BInding */,
				DF513C17243BC7CD005F15C6 /* Extensions */,
				DF513BF5243BBF48005F15C6 /* AppDelegate.swift */,
				DF513BFD243BBF48005F15C6 /* Main.storyboard */,
				DF513C00243BBF4A005F15C6 /* Assets.xcassets */,
				DF513C02243BBF4A005F15C6 /* LaunchScreen.storyboard */,
				DF513C05243BBF4A005F15C6 /* Info.plist */,
			);
			path = MVVM_SimpleDemo;
			sourceTree = "<group>";
		};
		DF513C13243BC5C7005F15C6 /* Model */ = {
			isa = PBXGroup;
			children = (
				DF513C0B243BC305005F15C6 /* Model.swift */,
			);
			path = Model;
			sourceTree = "<group>";
		};
		DF513C14243BC5D1005F15C6 /* ViewModel */ = {
			isa = PBXGroup;
			children = (
				DF513C0D243BC320005F15C6 /* ViewModel.swift */,
			);
			path = ViewModel;
			sourceTree = "<group>";
		};
		DF513C15243BC5DE005F15C6 /* BInding */ = {
			isa = PBXGroup;
			children = (
				DF513C0F243BC367005F15C6 /* Binding.swift */,
			);
			path = BInding;
			sourceTree = "<group>";
		};
		DF513C16243BC5FB005F15C6 /* View */ = {
			isa = PBXGroup;
			children = (
				DF513BF9243BBF48005F15C6 /* MasterViewController.swift */,
				DF513BFB243BBF48005F15C6 /* DetailViewController.swift */,
			);
			path = View;
			sourceTree = "<group>";
		};
		DF513C17243BC7CD005F15C6 /* Extensions */ = {
			isa = PBXGroup;
			children = (
				DF513C11243BC39C005F15C6 /* MasterViewController-UITableViewDataSource.swift */,
			);
			path = Extensions;
			sourceTree = "<group>";
		};
/* End PBXGroup section */

/* Begin PBXNativeTarget section */
		DF513BF1243BBF48005F15C6 /* MVVM_SimpleDemo */ = {
			isa = PBXNativeTarget;
			buildConfigurationList = DF513C08243BBF4A005F15C6 /* Build configuration list for PBXNativeTarget "MVVM_SimpleDemo" */;
			buildPhases = (
				DF513BEE243BBF48005F15C6 /* Sources */,
				DF513BEF243BBF48005F15C6 /* Frameworks */,
				DF513BF0243BBF48005F15C6 /* Resources */,
			);
			buildRules = (
			);
			dependencies = (
			);
			name = MVVM_SimpleDemo;
			productName = MVVM_SimpleDemo;
			productReference = DF513BF2243BBF48005F15C6 /* MVVM_SimpleDemo.app */;
			productType = "com.apple.product-type.application";
		};
/* End PBXNativeTarget section */

/* Begin PBXProject section */
		DF513BEA243BBF48005F15C6 /* Project object */ = {
			isa = PBXProject;
			attributes = {
				LastSwiftUpdateCheck = 1130;
				LastUpgradeCheck = 1130;
				ORGANIZATIONNAME = "Sakir Saiyed";
				TargetAttributes = {
					DF513BF1243BBF48005F15C6 = {
						CreatedOnToolsVersion = 11.3;
					};
				};
			};
			buildConfigurationList = DF513BED243BBF48005F15C6 /* Build configuration list for PBXProject "MVVM_SimpleDemo" */;
			compatibilityVersion = "Xcode 9.3";
			developmentRegion = en;
			hasScannedForEncodings = 0;
			knownRegions = (
				en,
				Base,
			);
			mainGroup = DF513BE9243BBF48005F15C6;
			productRefGroup = DF513BF3243BBF48005F15C6 /* Products */;
			projectDirPath = "";
			projectRoot = "";
			targets = (
				DF513BF1243BBF48005F15C6 /* MVVM_SimpleDemo */,
			);
		};
/* End PBXProject section */

/* Begin PBXResourcesBuildPhase section */
		DF513BF0243BBF48005F15C6 /* Resources */ = {
			isa = PBXResourcesBuildPhase;
			buildActionMask = 2147483647;
			files = (
				DF513C04243BBF4A005F15C6 /* LaunchScreen.storyboard in Resources */,
				DF513C01243BBF4A005F15C6 /* Assets.xcassets in Resources */,
				DF513BFF243BBF48005F15C6 /* Main.storyboard in Resources */,
			);
			runOnlyForDeploymentPostprocessing = 0;
		};
/* End PBXResourcesBuildPhase section */

/* Begin PBXSourcesBuildPhase section */
		DF513BEE243BBF48005F15C6 /* Sources */ = {
			isa = PBXSourcesBuildPhase;
			buildActionMask = 2147483647;
			files = (
				DF513C0C243BC305005F15C6 /* Model.swift in Sources */,
				DF513BF6243BBF48005F15C6 /* AppDelegate.swift in Sources */,
				DF513C10243BC367005F15C6 /* Binding.swift in Sources */,
				DF513BFA243BBF48005F15C6 /* MasterViewController.swift in Sources */,
				DF513C0E243BC320005F15C6 /* ViewModel.swift in Sources */,
				DF513BFC243BBF48005F15C6 /* DetailViewController.swift in Sources */,
				DF513C12243BC39C005F15C6 /* MasterViewController-UITableViewDataSource.swift in Sources */,
			);
			runOnlyForDeploymentPostprocessing = 0;
		};
/* End PBXSourcesBuildPhase section */

/* Begin PBXVariantGroup section */
		DF513BFD243BBF48005F15C6 /* Main.storyboard */ = {
			isa = PBXVariantGroup;
			children = (
				DF513BFE243BBF48005F15C6 /* Base */,
			);
			name = Main.storyboard;
			sourceTree = "<group>";
		};
		DF513C02243BBF4A005F15C6 /* LaunchScreen.storyboard */ = {
			isa = PBXVariantGroup;
			children = (
				DF513C03243BBF4A005F15C6 /* Base */,
			);
			name = LaunchScreen.storyboard;
			sourceTree = "<group>";
		};
/* End PBXVariantGroup section */

/* Begin XCBuildConfiguration section */
		DF513C06243BBF4A005F15C6 /* Debug */ = {
			isa = XCBuildConfiguration;
			buildSettings = {
				ALWAYS_SEARCH_USER_PATHS = NO;
				CLANG_ANALYZER_NONNULL = YES;
				CLANG_ANALYZER_NUMBER_OBJECT_CONVERSION = YES_AGGRESSIVE;
				CLANG_CXX_LANGUAGE_STANDARD = "gnu++14";
				CLANG_CXX_LIBRARY = "libc++";
				CLANG_ENABLE_MODULES = YES;
				CLANG_ENABLE_OBJC_ARC = YES;
				CLANG_ENABLE_OBJC_WEAK = YES;
				CLANG_WARN_BLOCK_CAPTURE_AUTORELEASING = YES;
				CLANG_WARN_BOOL_CONVERSION = YES;
				CLANG_WARN_COMMA = YES;
				CLANG_WARN_CONSTANT_CONVERSION = YES;
				CLANG_WARN_DEPRECATED_OBJC_IMPLEMENTATIONS = YES;
				CLANG_WARN_DIRECT_OBJC_ISA_USAGE = YES_ERROR;
				CLANG_WARN_DOCUMENTATION_COMMENTS = YES;
				CLANG_WARN_EMPTY_BODY = YES;
				CLANG_WARN_ENUM_CONVERSION = YES;
				CLANG_WARN_INFINITE_RECURSION = YES;
				CLANG_WARN_INT_CONVERSION = YES;
				CLANG_WARN_NON_LITERAL_NULL_CONVERSION = YES;
				CLANG_WARN_OBJC_IMPLICIT_RETAIN_SELF = YES;
				CLANG_WARN_OBJC_LITERAL_CONVERSION = YES;
				CLANG_WARN_OBJC_ROOT_CLASS = YES_ERROR;
				CLANG_WARN_RANGE_LOOP_ANALYSIS = YES;
				CLANG_WARN_STRICT_PROTOTYPES = YES;
				CLANG_WARN_SUSPICIOUS_MOVE = YES;
				CLANG_WARN_UNGUARDED_AVAILABILITY = YES_AGGRESSIVE;
				CLANG_WARN_UNREACHABLE_CODE = YES;
				CLANG_WARN__DUPLICATE_METHOD_MATCH = YES;
				COPY_PHASE_STRIP = NO;
				DEBUG_INFORMATION_FORMAT = dwarf;
				ENABLE_STRICT_OBJC_MSGSEND = YES;
				ENABLE_TESTABILITY = YES;
				GCC_C_LANGUAGE_STANDARD = gnu11;
				GCC_DYNAMIC_NO_PIC = NO;
				GCC_NO_COMMON_BLOCKS = YES;
				GCC_OPTIMIZATION_LEVEL = 0;
				GCC_PREPROCESSOR_DEFINITIONS = (
					"DEBUG=1",
					"$(inherited)",
				);
				GCC_WARN_64_TO_32_BIT_CONVERSION = YES;
				GCC_WARN_ABOUT_RETURN_TYPE = YES_ERROR;
				GCC_WARN_UNDECLARED_SELECTOR = YES;
				GCC_WARN_UNINITIALIZED_AUTOS = YES_AGGRESSIVE;
				GCC_WARN_UNUSED_FUNCTION = YES;
				GCC_WARN_UNUSED_VARIABLE = YES;
				IPHONEOS_DEPLOYMENT_TARGET = 13.2;
				MTL_ENABLE_DEBUG_INFO = INCLUDE_SOURCE;
				MTL_FAST_MATH = YES;
				ONLY_ACTIVE_ARCH = YES;
				SDKROOT = iphoneos;
				SWIFT_ACTIVE_COMPILATION_CONDITIONS = DEBUG;
				SWIFT_OPTIMIZATION_LEVEL = "-Onone";
			};
			name = Debug;
		};
		DF513C07243BBF4A005F15C6 /* Release */ = {
			isa = XCBuildConfiguration;
			buildSettings = {
				ALWAYS_SEARCH_USER_PATHS = NO;
				CLANG_ANALYZER_NONNULL = YES;
				CLANG_ANALYZER_NUMBER_OBJECT_CONVERSION = YES_AGGRESSIVE;
				CLANG_CXX_LANGUAGE_STANDARD = "gnu++14";
				CLANG_CXX_LIBRARY = "libc++";
				CLANG_ENABLE_MODULES = YES;
				CLANG_ENABLE_OBJC_ARC = YES;
				CLANG_ENABLE_OBJC_WEAK = YES;
				CLANG_WARN_BLOCK_CAPTURE_AUTORELEASING = YES;
				CLANG_WARN_BOOL_CONVERSION = YES;
				CLANG_WARN_COMMA = YES;
				CLANG_WARN_CONSTANT_CONVERSION = YES;
				CLANG_WARN_DEPRECATED_OBJC_IMPLEMENTATIONS = YES;
				CLANG_WARN_DIRECT_OBJC_ISA_USAGE = YES_ERROR;
				CLANG_WARN_DOCUMENTATION_COMMENTS = YES;
				CLANG_WARN_EMPTY_BODY = YES;
				CLANG_WARN_ENUM_CONVERSION = YES;
				CLANG_WARN_INFINITE_RECURSION = YES;
				CLANG_WARN_INT_CONVERSION = YES;
				CLANG_WARN_NON_LITERAL_NULL_CONVERSION = YES;
				CLANG_WARN_OBJC_IMPLICIT_RETAIN_SELF = YES;
				CLANG_WARN_OBJC_LITERAL_CONVERSION = YES;
				CLANG_WARN_OBJC_ROOT_CLASS = YES_ERROR;
				CLANG_WARN_RANGE_LOOP_ANALYSIS = YES;
				CLANG_WARN_STRICT_PROTOTYPES = YES;
				CLANG_WARN_SUSPICIOUS_MOVE = YES;
				CLANG_WARN_UNGUARDED_AVAILABILITY = YES_AGGRESSIVE;
				CLANG_WARN_UNREACHABLE_CODE = YES;
				CLANG_WARN__DUPLICATE_METHOD_MATCH = YES;
				COPY_PHASE_STRIP = NO;
				DEBUG_INFORMATION_FORMAT = "dwarf-with-dsym";
				ENABLE_NS_ASSERTIONS = NO;
				ENABLE_STRICT_OBJC_MSGSEND = YES;
				GCC_C_LANGUAGE_STANDARD = gnu11;
				GCC_NO_COMMON_BLOCKS = YES;
				GCC_WARN_64_TO_32_BIT_CONVERSION = YES;
				GCC_WARN_ABOUT_RETURN_TYPE = YES_ERROR;
				GCC_WARN_UNDECLARED_SELECTOR = YES;
				GCC_WARN_UNINITIALIZED_AUTOS = YES_AGGRESSIVE;
				GCC_WARN_UNUSED_FUNCTION = YES;
				GCC_WARN_UNUSED_VARIABLE = YES;
				IPHONEOS_DEPLOYMENT_TARGET = 13.2;
				MTL_ENABLE_DEBUG_INFO = NO;
				MTL_FAST_MATH = YES;
				SDKROOT = iphoneos;
				SWIFT_COMPILATION_MODE = wholemodule;
				SWIFT_OPTIMIZATION_LEVEL = "-O";
				VALIDATE_PRODUCT = YES;
			};
			name = Release;
		};
		DF513C09243BBF4A005F15C6 /* Debug */ = {
			isa = XCBuildConfiguration;
			buildSettings = {
				ASSETCATALOG_COMPILER_APPICON_NAME = AppIcon;
				CODE_SIGN_STYLE = Automatic;
				INFOPLIST_FILE = MVVM_SimpleDemo/Info.plist;
				LD_RUNPATH_SEARCH_PATHS = (
					"$(inherited)",
					"@executable_path/Frameworks",
				);
				PRODUCT_BUNDLE_IDENTIFIER = "com.sakirsaiyed.MVVM-SimpleDemo";
				PRODUCT_NAME = "$(TARGET_NAME)";
				SWIFT_VERSION = 5.0;
				TARGETED_DEVICE_FAMILY = "1,2";
			};
			name = Debug;
		};
		DF513C0A243BBF4A005F15C6 /* Release */ = {
			isa = XCBuildConfiguration;
			buildSettings = {
				ASSETCATALOG_COMPILER_APPICON_NAME = AppIcon;
				CODE_SIGN_STYLE = Automatic;
				INFOPLIST_FILE = MVVM_SimpleDemo/Info.plist;
				LD_RUNPATH_SEARCH_PATHS = (
					"$(inherited)",
					"@executable_path/Frameworks",
				);
				PRODUCT_BUNDLE_IDENTIFIER = "com.sakirsaiyed.MVVM-SimpleDemo";
				PRODUCT_NAME = "$(TARGET_NAME)";
				SWIFT_VERSION = 5.0;
				TARGETED_DEVICE_FAMILY = "1,2";
			};
			name = Release;
		};
/* End XCBuildConfiguration section */

/* Begin XCConfigurationList section */
		DF513BED243BBF48005F15C6 /* Build configuration list for PBXProject "MVVM_SimpleDemo" */ = {
			isa = XCConfigurationList;
			buildConfigurations = (
				DF513C06243BBF4A005F15C6 /* Debug */,
				DF513C07243BBF4A005F15C6 /* Release */,
			);
			defaultConfigurationIsVisible = 0;
			defaultConfigurationName = Release;
		};
		DF513C08243BBF4A005F15C6 /* Build configuration list for PBXNativeTarget "MVVM_SimpleDemo" */ = {
			isa = XCConfigurationList;
			buildConfigurations = (
				DF513C09243BBF4A005F15C6 /* Debug */,
				DF513C0A243BBF4A005F15C6 /* Release */,
			);
			defaultConfigurationIsVisible = 0;
			defaultConfigurationName = Release;
		};
/* End XCConfigurationList section */
	};
	rootObject = DF513BEA243BBF48005F15C6 /* Project object */;
}
